
Microsoft Visual Studio Solution File, Format Version 12.00
# Visual Studio Version 17
VisualStudioVersion = 17.13.35931.197
MinimumVisualStudioVersion = 10.0.40219.1
Project("{FAE04EC0-301F-11D3-BF4B-00C04F79EFBC}") = "RateLimiterAPI", "RateLimiterAPI\RateLimiterAPI.csproj", "{D1360C69-8F3D-4A7B-8F16-9B1FABDC758C}"
	ProjectSection(ProjectDependencies) = postProject
		{57DB8487-1C63-4AE9-ADD7-939CDD83A3FC} = {57DB8487-1C63-4AE9-ADD7-939CDD83A3FC}
	EndProjectSection
EndProject
Project("{FAE04EC0-301F-11D3-BF4B-00C04F79EFBC}") = "RateLimiter.Infrastructure", "RateLimiter.Infrastructure\RateLimiter.Infrastructure.csproj", "{C76E5D33-750D-47F5-9803-8A89793545FB}"
	ProjectSection(ProjectDependencies) = postProject
		{239DDC45-11E1-42CD-AA10-D5D7ED0BDF42} = {239DDC45-11E1-42CD-AA10-D5D7ED0BDF42}
		{2BD71084-6A27-47C2-8015-74BC377E8DCE} = {2BD71084-6A27-47C2-8015-74BC377E8DCE}
	EndProjectSection
EndProject
Project("{FAE04EC0-301F-11D3-BF4B-00C04F79EFBC}") = "RateLimiter.Domain", "RateLimiter.Domain\RateLimiter.Domain.csproj", "{239DDC45-11E1-42CD-AA10-D5D7ED0BDF42}"
EndProject
Project("{FAE04EC0-301F-11D3-BF4B-00C04F79EFBC}") = "RateLimiter.Application", "RateLimiter.Application\RateLimiter.Application.csproj", "{2BD71084-6A27-47C2-8015-74BC377E8DCE}"
EndProject
Project("{FAE04EC0-301F-11D3-BF4B-00C04F79EFBC}") = "RateLimiter.Tests", "RateLimiter.Tests\RateLimiter.Tests.csproj", "{32CC28F1-4104-42FF-AF0C-9DA51F505396}"
EndProject
Project("{FAE04EC0-301F-11D3-BF4B-00C04F79EFBC}") = "RateLimiter.ApiContracts", "RateLimiter.ApiContracts\RateLimiter.ApiContracts.csproj", "{6BE42BCF-82D3-4546-81E0-B3AC1E056D9A}"
EndProject
Project("{FAE04EC0-301F-11D3-BF4B-00C04F79EFBC}") = "RateLimiter.Utils", "RateLimiter.Utils\RateLimiter.Utils.csproj", "{57DB8487-1C63-4AE9-ADD7-939CDD83A3FC}"
EndProject
Global
	GlobalSection(SolutionConfigurationPlatforms) = preSolution
		Debug|Any CPU = Debug|Any CPU
		Release|Any CPU = Release|Any CPU
	EndGlobalSection
	GlobalSection(ProjectConfigurationPlatforms) = postSolution
		{D1360C69-8F3D-4A7B-8F16-9B1FABDC758C}.Debug|Any CPU.ActiveCfg = Debug|Any CPU
		{D1360C69-8F3D-4A7B-8F16-9B1FABDC758C}.Debug|Any CPU.Build.0 = Debug|Any CPU
		{D1360C69-8F3D-4A7B-8F16-9B1FABDC758C}.Release|Any CPU.ActiveCfg = Release|Any CPU
		{D1360C69-8F3D-4A7B-8F16-9B1FABDC758C}.Release|Any CPU.Build.0 = Release|Any CPU
		{C76E5D33-750D-47F5-9803-8A89793545FB}.Debug|Any CPU.ActiveCfg = Debug|Any CPU
		{C76E5D33-750D-47F5-9803-8A89793545FB}.Debug|Any CPU.Build.0 = Debug|Any CPU
		{C76E5D33-750D-47F5-9803-8A89793545FB}.Release|Any CPU.ActiveCfg = Release|Any CPU
		{C76E5D33-750D-47F5-9803-8A89793545FB}.Release|Any CPU.Build.0 = Release|Any CPU
		{239DDC45-11E1-42CD-AA10-D5D7ED0BDF42}.Debug|Any CPU.ActiveCfg = Debug|Any CPU
		{239DDC45-11E1-42CD-AA10-D5D7ED0BDF42}.Debug|Any CPU.Build.0 = Debug|Any CPU
		{239DDC45-11E1-42CD-AA10-D5D7ED0BDF42}.Release|Any CPU.ActiveCfg = Release|Any CPU
		{239DDC45-11E1-42CD-AA10-D5D7ED0BDF42}.Release|Any CPU.Build.0 = Release|Any CPU
		{2BD71084-6A27-47C2-8015-74BC377E8DCE}.Debug|Any CPU.ActiveCfg = Debug|Any CPU
		{2BD71084-6A27-47C2-8015-74BC377E8DCE}.Debug|Any CPU.Build.0 = Debug|Any CPU
		{2BD71084-6A27-47C2-8015-74BC377E8DCE}.Release|Any CPU.ActiveCfg = Release|Any CPU
		{2BD71084-6A27-47C2-8015-74BC377E8DCE}.Release|Any CPU.Build.0 = Release|Any CPU
		{32CC28F1-4104-42FF-AF0C-9DA51F505396}.Debug|Any CPU.ActiveCfg = Debug|Any CPU
		{32CC28F1-4104-42FF-AF0C-9DA51F505396}.Debug|Any CPU.Build.0 = Debug|Any CPU
		{32CC28F1-4104-42FF-AF0C-9DA51F505396}.Release|Any CPU.ActiveCfg = Release|Any CPU
		{32CC28F1-4104-42FF-AF0C-9DA51F505396}.Release|Any CPU.Build.0 = Release|Any CPU
		{6BE42BCF-82D3-4546-81E0-B3AC1E056D9A}.Debug|Any CPU.ActiveCfg = Debug|Any CPU
		{6BE42BCF-82D3-4546-81E0-B3AC1E056D9A}.Debug|Any CPU.Build.0 = Debug|Any CPU
		{6BE42BCF-82D3-4546-81E0-B3AC1E056D9A}.Release|Any CPU.ActiveCfg = Release|Any CPU
		{6BE42BCF-82D3-4546-81E0-B3AC1E056D9A}.Release|Any CPU.Build.0 = Release|Any CPU
		{57DB8487-1C63-4AE9-ADD7-939CDD83A3FC}.Debug|Any CPU.ActiveCfg = Debug|Any CPU
		{57DB8487-1C63-4AE9-ADD7-939CDD83A3FC}.Debug|Any CPU.Build.0 = Debug|Any CPU
		{57DB8487-1C63-4AE9-ADD7-939CDD83A3FC}.Release|Any CPU.ActiveCfg = Release|Any CPU
		{57DB8487-1C63-4AE9-ADD7-939CDD83A3FC}.Release|Any CPU.Build.0 = Release|Any CPU
	EndGlobalSection
	GlobalSection(SolutionProperties) = preSolution
		HideSolutionNode = FALSE
	EndGlobalSection
	GlobalSection(ExtensibilityGlobals) = postSolution
		SolutionGuid = {811D6EFD-C8F7-4DA1-9631-71E09D9B1B5B}
	EndGlobalSection
EndGlobal
